<Solution>
  <Folder Name="/src/">
    <Project Path="API/API.csproj" />
    <Project Path="Application/Application.csproj" />
    <Project Path="Domain/Domain.csproj" />
    <Project Path="Infrastructure/Infrastructure.csproj" />
  </Folder>
  <Folder Name="/tests/">
    <Project Path="tests/API.IntegrationTests/API.IntegrationTests.csproj" />
    <Project Path="tests/Application.UnitTests/Application.UnitTests.csproj" />
    <Project Path="tests/Domain.UnitTests/Domain.UnitTests.csproj" />
  </Folder>
</Solution>

